
Microsoft Visual Studio Solution File, Format Version 12.00
# Visual Studio Version 16
VisualStudioVersion = 16.0.29009.5
MinimumVisualStudioVersion = 10.0.40219.1
Project("{8BC9CEB8-8B4A-11D0-8D11-00A0C91BC942}") = "Calculator", "Calculator\Calculator.vcxproj", "{DA74693C-D036-45A0-A88B-564F4D8AE33E}"
EndProject
Global
	GlobalSection(SolutionConfigurationPlatforms) = preSolution
		Debug|x64 = Debug|x64
		Debug|x86 = Debug|x86
		Release|x64 = Release|x64
		Release|x86 = Release|x86
	EndGlobalSection
	GlobalSection(ProjectConfigurationPlatforms) = postSolution
		{DA74693C-D036-45A0-A88B-564F4D8AE33E}.Debug|x64.ActiveCfg = Debug|x64
		{DA74693C-D036-45A0-A88B-564F4D8AE33E}.Debug|x64.Build.0 = Debug|x64
		{DA74693C-D036-45A0-A88B-564F4D8AE33E}.Debug|x86.ActiveCfg = Debug|Win32
		{DA74693C-D036-45A0-A88B-564F4D8AE33E}.Debug|x86.Build.0 = Debug|Win32
		{DA74693C-D036-45A0-A88B-564F4D8AE33E}.Release|x64.ActiveCfg = Release|x64
		{DA74693C-D036-45A0-A88B-564F4D8AE33E}.Release|x64.Build.0 = Release|x64
		{DA74693C-D036-45A0-A88B-564F4D8AE33E}.Release|x86.ActiveCfg = Release|Win32
		{DA74693C-D036-45A0-A88B-564F4D8AE33E}.Release|x86.Build.0 = Release|Win32
	EndGlobalSection
	GlobalSection(SolutionProperties) = preSolution
		HideSolutionNode = FALSE
	EndGlobalSection
	GlobalSection(ExtensibilityGlobals) = postSolution
		SolutionGuid = {29085E63-FC6F-40A7-B1D3-AB1DBB7BD7EB}
	EndGlobalSection
EndGlobal
